
Microsoft Visual Studio Solution File, Format Version 12.00
# Visual Studio Version 16
VisualStudioVersion = 16.0.30709.132
MinimumVisualStudioVersion = 10.0.40219.1
Project("{FAE04EC0-301F-11D3-BF4B-00C04F79EFBC}") = "AssessmentIdeas", "AssessmentIdeas\AssessmentIdeas.csproj", "{2CECC17D-5DD8-46E9-9FF3-BE8E789E5915}"
EndProject
Global
	GlobalSection(SolutionConfigurationPlatforms) = preSolution
		Debug|Any CPU = Debug|Any CPU
		Release|Any CPU = Release|Any CPU
	EndGlobalSection
	GlobalSection(ProjectConfigurationPlatforms) = postSolution
		{2CECC17D-5DD8-46E9-9FF3-BE8E789E5915}.Debug|Any CPU.ActiveCfg = Debug|Any CPU
		{2CECC17D-5DD8-46E9-9FF3-BE8E789E5915}.Debug|Any CPU.Build.0 = Debug|Any CPU
		{2CECC17D-5DD8-46E9-9FF3-BE8E789E5915}.Release|Any CPU.ActiveCfg = Release|Any CPU
		{2CECC17D-5DD8-46E9-9FF3-BE8E789E5915}.Release|Any CPU.Build.0 = Release|Any CPU
	EndGlobalSection
	GlobalSection(SolutionProperties) = preSolution
		HideSolutionNode = FALSE
	EndGlobalSection
	GlobalSection(ExtensibilityGlobals) = postSolution
		SolutionGuid = {024470E2-22DE-42A4-8CB8-298DD5A629B1}
	EndGlobalSection
EndGlobal
